// stack_using_linkedlist.cpp : Defines the entry point for the console application.
//

#include<stdio.h>
#include<stdlib.h>

struct Node
{
	int data;
	struct Node* next;
};

struct Node *top;

void push()
{
	struct Node *new_node = (struct Node*)malloc(sizeof(struct Node*));
	printf("Enter element");
	scanf_s("%d", &new_node->data);
	new_node->next = top;
	top = new_node;
}
void pop()
{
	struct Node *temp;
	if (top == NULL)
		printf("No elements in the stack");
	temp = top;
	top = top->next;
	printf("Element %d is deleted", temp->data);
	//free(temp);
}
void display()
{
	struct Node *temp;
	printf("\nThe elements in the list are ");
	temp = top;
	while (temp != NULL)
	{
		printf("%d ",temp->data);
		temp = temp->next;
	}
}

int main()
{
	int i;
	void* p = malloc(sizeof(int));
	int* k;
	k = (int *)p;
	*k = 10;
	int* p1 = (int*)calloc(2,sizeof(int));
	printf("%d is at address %d\n", *p1, p1);
	printf("%d is at address %d",*k,k);
	while (1)
	{
		printf("\n1:push, 2:pop, 3:display, 4:exit");
		scanf_s("%d", &i);
		switch (i)
		{
		case 1: push();
			break;
		case 2:pop();
			break;
		case 3:display();
			break;
		default: exit(0);
		}
	}
    return 0;
}


