#include<stdio.h>
#include<limits.h>

void merge_sort(int *left,int nl, int *right,int nr, int *a)
{
	int i = 0, j = 0, k = 0;
	while (i < nl && j < nr)
	{
		if (left[i] <= right[j])
		{
			a[k] = left[i];
			i++;
		}
		else
		{
			a[k] = right[j];
			j++;
		}
		k++;
	}
	while (i < nl)
	{
		a[k] = left[i]; i++; k++;
	}
	while (j < nr)
	{
		a[k] = right[j]; j++; k++;
	}

}
void merge(int *a,int l)
{
	int  mid, left[BUFSIZ], right[BUFSIZ], i,nl=0,nr=0;
	if (l < 2)
		return;
	mid = l / 2;
	for (i = 0; i < mid; i++)
	{
		left[i] = a[i]; nl++;
		//printf("Add of element is %d\n", &a[i]);
	}
	for (i = mid; i < l; i++)
	{
		right[i] = a[i]; nr++;
	}
	merge(&left[0],nl);
	merge(&right[mid],nr);
	merge_sort(&left[0],nl, &right[mid], nr,&a[0]);

}


int main()
{
	int i, n,a[BUFSIZ];
	printf("Enter no of elements in array");
	scanf_s("%d", &n);
	printf("Enter elements");
	for (i = 0; i < n; i++)
	{
	scanf_s("%d", &a[i]);
	}
	merge(&a[0],n);
	printf("Sorted elements are\n");
	for (i = 0; i < n; i++)
	{
		printf("%d ", a[i]);
	}
	getchar();
	return 0;
}


